
Microsoft Visual Studio Solution File, Format Version 12.00
# Visual Studio Version 16
VisualStudioVersion = 16.0.29905.134
MinimumVisualStudioVersion = 10.0.40219.1
Project("{FAE04EC0-301F-11D3-BF4B-00C04F79EFBC}") = "Ingress market data processing", "Ingress market data processing\Ingress market data processing.csproj", "{11B0568C-0584-4BF5-89A8-B67CB1F184FE}"
EndProject
Global
	GlobalSection(SolutionConfigurationPlatforms) = preSolution
		Debug|Any CPU = Debug|Any CPU
		Release|Any CPU = Release|Any CPU
	EndGlobalSection
	GlobalSection(ProjectConfigurationPlatforms) = postSolution
		{11B0568C-0584-4BF5-89A8-B67CB1F184FE}.Debug|Any CPU.ActiveCfg = Debug|Any CPU
		{11B0568C-0584-4BF5-89A8-B67CB1F184FE}.Debug|Any CPU.Build.0 = Debug|Any CPU
		{11B0568C-0584-4BF5-89A8-B67CB1F184FE}.Release|Any CPU.ActiveCfg = Release|Any CPU
		{11B0568C-0584-4BF5-89A8-B67CB1F184FE}.Release|Any CPU.Build.0 = Release|Any CPU
	EndGlobalSection
	GlobalSection(SolutionProperties) = preSolution
		HideSolutionNode = FALSE
	EndGlobalSection
	GlobalSection(ExtensibilityGlobals) = postSolution
		SolutionGuid = {3B627B33-5846-476D-9CF5-084F17EDEC13}
	EndGlobalSection
EndGlobal
